
Microsoft Visual Studio Solution File, Format Version 12.00
# Visual Studio Version 17
VisualStudioVersion = 17.4.32804.182
MinimumVisualStudioVersion = 10.0.40219.1
Project("{FAE04EC0-301F-11D3-BF4B-00C04F79EFBC}") = "Expense Tracker", "Expense Tracker\Expense Tracker.csproj", "{FC138609-C9D1-44C7-8202-6A25AC616B78}"
EndProject
Global
	GlobalSection(SolutionConfigurationPlatforms) = preSolution
		Debug|Any CPU = Debug|Any CPU
		Release|Any CPU = Release|Any CPU
	EndGlobalSection
	GlobalSection(ProjectConfigurationPlatforms) = postSolution
		{FC138609-C9D1-44C7-8202-6A25AC616B78}.Debug|Any CPU.ActiveCfg = Debug|Any CPU
		{FC138609-C9D1-44C7-8202-6A25AC616B78}.Debug|Any CPU.Build.0 = Debug|Any CPU
		{FC138609-C9D1-44C7-8202-6A25AC616B78}.Release|Any CPU.ActiveCfg = Release|Any CPU
		{FC138609-C9D1-44C7-8202-6A25AC616B78}.Release|Any CPU.Build.0 = Release|Any CPU
	EndGlobalSection
	GlobalSection(SolutionProperties) = preSolution
		HideSolutionNode = FALSE
	EndGlobalSection
	GlobalSection(ExtensibilityGlobals) = postSolution
		SolutionGuid = {E580F592-0AF8-46EF-ABF8-3F83A134247C}
	EndGlobalSection
EndGlobal
